// !$*UTF8*$!
{
	archiveVersion = 1;
	classes = {
	};
	objectVersion = 50;
	objects = {

/* Begin PBXBuildFile section */
		B2D9A64325052BD2000FDDF9 /* AppDelegate.swift in Sources */ = {isa = PBXBuildFile; fileRef = B2D9A64225052BD2000FDDF9 /* AppDelegate.swift */; };
		B2D9A64525052BD2000FDDF9 /* SceneDelegate.swift in Sources */ = {isa = PBXBuildFile; fileRef = B2D9A64425052BD2000FDDF9 /* SceneDelegate.swift */; };
		B2D9A64725052BD2000FDDF9 /* ViewController.swift in Sources */ = {isa = PBXBuildFile; fileRef = B2D9A64625052BD2000FDDF9 /* ViewController.swift */; };
		B2D9A64A25052BD2000FDDF9 /* Main.storyboard in Resources */ = {isa = PBXBuildFile; fileRef = B2D9A64825052BD2000FDDF9 /* Main.storyboard */; };
		B2D9A64C25052BD3000FDDF9 /* Assets.xcassets in Resources */ = {isa = PBXBuildFile; fileRef = B2D9A64B25052BD3000FDDF9 /* Assets.xcassets */; };
		B2D9A64F25052BD3000FDDF9 /* LaunchScreen.storyboard in Resources */ = {isa = PBXBuildFile; fileRef = B2D9A64D25052BD3000FDDF9 /* LaunchScreen.storyboard */; };
/* End PBXBuildFile section */

/* Begin PBXFileReference section */
		B2D9A63F25052BD2000FDDF9 /* LightsOnOff.app */ = {isa = PBXFileReference; explicitFileType = wrapper.application; includeInIndex = 0; path = LightsOnOff.app; sourceTree = BUILT_PRODUCTS_DIR; };
		B2D9A64225052BD2000FDDF9 /* AppDelegate.swift */ = {isa = PBXFileReference; lastKnownFileType = sourcecode.swift; path = AppDelegate.swift; sourceTree = "<group>"; };
		B2D9A64425052BD2000FDDF9 /* SceneDelegate.swift */ = {isa = PBXFileReference; lastKnownFileType = sourcecode.swift; path = SceneDelegate.swift; sourceTree = "<group>"; };
		B2D9A64625052BD2000FDDF9 /* ViewController.swift */ = {isa = PBXFileReference; lastKnownFileType = sourcecode.swift; path = ViewController.swift; sourceTree = "<group>"; };
		B2D9A64925052BD2000FDDF9 /* Base */ = {isa = PBXFileReference; lastKnownFileType = file.storyboard; name = Base; path = Base.lproj/Main.storyboard; sourceTree = "<group>"; };
		B2D9A64B25052BD3000FDDF9 /* Assets.xcassets */ = {isa = PBXFileReference; lastKnownFileType = folder.assetcatalog; path = Assets.xcassets; sourceTree = "<group>"; };
		B2D9A64E25052BD3000FDDF9 /* Base */ = {isa = PBXFileReference; lastKnownFileType = file.storyboard; name = Base; path = Base.lproj/LaunchScreen.storyboard; sourceTree = "<group>"; };
		B2D9A65025052BD3000FDDF9 /* Info.plist */ = {isa = PBXFileReference; lastKnownFileType = text.plist.xml; path = Info.plist; sourceTree = "<group>"; };
/* End PBXFileReference section */

/* Begin PBXFrameworksBuildPhase section */
		B2D9A63C25052BD2000FDDF9 /* Frameworks */ = {
			isa = PBXFrameworksBuildPhase;
			buildActionMask = 2147483647;
			files = (
			);
			runOnlyForDeploymentPostprocessing = 0;
		};
/* End PBXFrameworksBuildPhase section */

/* Begin PBXGroup section */
		B2D9A63625052BD2000FDDF9 = {
			isa = PBXGroup;
			children = (
				B2D9A64125052BD2000FDDF9 /* LightsOnOff */,
				B2D9A64025052BD2000FDDF9 /* Products */,
			);
			sourceTree = "<group>";
		};
		B2D9A64025052BD2000FDDF9 /* Products */ = {
			isa = PBXGroup;
			children = (
				B2D9A63F25052BD2000FDDF9 /* LightsOnOff.app */,
			);
			name = Products;
			sourceTree = "<group>";
		};
		B2D9A64125052BD2000FDDF9 /* LightsOnOff */ = {
			isa = PBXGroup;
			children = (
				B2D9A64225052BD2000FDDF9 /* AppDelegate.swift */,
				B2D9A64425052BD2000FDDF9 /* SceneDelegate.swift */,
				B2D9A64625052BD2000FDDF9 /* ViewController.swift */,
				B2D9A64825052BD2000FDDF9 /* Main.storyboard */,
				B2D9A64B25052BD3000FDDF9 /* Assets.xcassets */,
				B2D9A64D25052BD3000FDDF9 /* LaunchScreen.storyboard */,
				B2D9A65025052BD3000FDDF9 /* Info.plist */,
			);
			path = LightsOnOff;
			sourceTree = "<group>";
		};
/* End PBXGroup section */

/* Begin PBXNativeTarget section */
		B2D9A63E25052BD2000FDDF9 /* LightsOnOff */ = {
			isa = PBXNativeTarget;
			buildConfigurationList = B2D9A65325052BD3000FDDF9 /* Build configuration list for PBXNativeTarget "LightsOnOff" */;
			buildPhases = (
				B2D9A63B25052BD2000FDDF9 /* Sources */,
				B2D9A63C25052BD2000FDDF9 /* Frameworks */,
				B2D9A63D25052BD2000FDDF9 /* Resources */,
			);
			buildRules = (
			);
			dependencies = (
			);
			name = LightsOnOff;
			productName = LightsOnOff;
			productReference = B2D9A63F25052BD2000FDDF9 /* LightsOnOff.app */;
			productType = "com.apple.product-type.application";
		};
/* End PBXNativeTarget section */

/* Begin PBXProject section */
		B2D9A63725052BD2000FDDF9 /* Project object */ = {
			isa = PBXProject;
			attributes = {
				LastSwiftUpdateCheck = 1130;
				LastUpgradeCheck = 1130;
				ORGANIZATIONNAME = "Spark28 Apps";
				TargetAttributes = {
					B2D9A63E25052BD2000FDDF9 = {
						CreatedOnToolsVersion = 11.3.1;
					};
				};
			};
			buildConfigurationList = B2D9A63A25052BD2000FDDF9 /* Build configuration list for PBXProject "LightsOnOff" */;
			compatibilityVersion = "Xcode 9.3";
			developmentRegion = en;
			hasScannedForEncodings = 0;
			knownRegions = (
				en,
				Base,
			);
			mainGroup = B2D9A63625052BD2000FDDF9;
			productRefGroup = B2D9A64025052BD2000FDDF9 /* Products */;
			projectDirPath = "";
			projectRoot = "";
			targets = (
				B2D9A63E25052BD2000FDDF9 /* LightsOnOff */,
			);
		};
/* End PBXProject section */

/* Begin PBXResourcesBuildPhase section */
		B2D9A63D25052BD2000FDDF9 /* Resources */ = {
			isa = PBXResourcesBuildPhase;
			buildActionMask = 2147483647;
			files = (
				B2D9A64F25052BD3000FDDF9 /* LaunchScreen.storyboard in Resources */,
				B2D9A64C25052BD3000FDDF9 /* Assets.xcassets in Resources */,
				B2D9A64A25052BD2000FDDF9 /* Main.storyboard in Resources */,
			);
			runOnlyForDeploymentPostprocessing = 0;
		};
/* End PBXResourcesBuildPhase section */

/* Begin PBXSourcesBuildPhase section */
		B2D9A63B25052BD2000FDDF9 /* Sources */ = {
			isa = PBXSourcesBuildPhase;
			buildActionMask = 2147483647;
			files = (
				B2D9A64725052BD2000FDDF9 /* ViewController.swift in Sources */,
				B2D9A64325052BD2000FDDF9 /* AppDelegate.swift in Sources */,
				B2D9A64525052BD2000FDDF9 /* SceneDelegate.swift in Sources */,
			);
			runOnlyForDeploymentPostprocessing = 0;
		};
/* End PBXSourcesBuildPhase section */

/* Begin PBXVariantGroup section */
		B2D9A64825052BD2000FDDF9 /* Main.storyboard */ = {
			isa = PBXVariantGroup;
			children = (
				B2D9A64925052BD2000FDDF9 /* Base */,
			);
			name = Main.storyboard;
			sourceTree = "<group>";
		};
		B2D9A64D25052BD3000FDDF9 /* LaunchScreen.storyboard */ = {
			isa = PBXVariantGroup;
			children = (
				B2D9A64E25052BD3000FDDF9 /* Base */,
			);
			name = LaunchScreen.storyboard;
			sourceTree = "<group>";
		};
/* End PBXVariantGroup section */

/* Begin XCBuildConfiguration section */
		B2D9A65125052BD3000FDDF9 /* Debug */ = {
			isa = XCBuildConfiguration;
			buildSettings = {
				ALWAYS_SEARCH_USER_PATHS = NO;
				CLANG_ANALYZER_NONNULL = YES;
				CLANG_ANALYZER_NUMBER_OBJECT_CONVERSION = YES_AGGRESSIVE;
				CLANG_CXX_LANGUAGE_STANDARD = "gnu++14";
				CLANG_CXX_LIBRARY = "libc++";
				CLANG_ENABLE_MODULES = YES;
				CLANG_ENABLE_OBJC_ARC = YES;
				CLANG_ENABLE_OBJC_WEAK = YES;
				CLANG_WARN_BLOCK_CAPTURE_AUTORELEASING = YES;
				CLANG_WARN_BOOL_CONVERSION = YES;
				CLANG_WARN_COMMA = YES;
				CLANG_WARN_CONSTANT_CONVERSION = YES;
				CLANG_WARN_DEPRECATED_OBJC_IMPLEMENTATIONS = YES;
				CLANG_WARN_DIRECT_OBJC_ISA_USAGE = YES_ERROR;
				CLANG_WARN_DOCUMENTATION_COMMENTS = YES;
				CLANG_WARN_EMPTY_BODY = YES;
				CLANG_WARN_ENUM_CONVERSION = YES;
				CLANG_WARN_INFINITE_RECURSION = YES;
				CLANG_WARN_INT_CONVERSION = YES;
				CLANG_WARN_NON_LITERAL_NULL_CONVERSION = YES;
				CLANG_WARN_OBJC_IMPLICIT_RETAIN_SELF = YES;
				CLANG_WARN_OBJC_LITERAL_CONVERSION = YES;
				CLANG_WARN_OBJC_ROOT_CLASS = YES_ERROR;
				CLANG_WARN_RANGE_LOOP_ANALYSIS = YES;
				CLANG_WARN_STRICT_PROTOTYPES = YES;
				CLANG_WARN_SUSPICIOUS_MOVE = YES;
				CLANG_WARN_UNGUARDED_AVAILABILITY = YES_AGGRESSIVE;
				CLANG_WARN_UNREACHABLE_CODE = YES;
				CLANG_WARN__DUPLICATE_METHOD_MATCH = YES;
				COPY_PHASE_STRIP = NO;
				DEBUG_INFORMATION_FORMAT = dwarf;
				ENABLE_STRICT_OBJC_MSGSEND = YES;
				ENABLE_TESTABILITY = YES;
				GCC_C_LANGUAGE_STANDARD = gnu11;
				GCC_DYNAMIC_NO_PIC = NO;
				GCC_NO_COMMON_BLOCKS = YES;
				GCC_OPTIMIZATION_LEVEL = 0;
				GCC_PREPROCESSOR_DEFINITIONS = (
					"DEBUG=1",
					"$(inherited)",
				);
				GCC_WARN_64_TO_32_BIT_CONVERSION = YES;
				GCC_WARN_ABOUT_RETURN_TYPE = YES_ERROR;
				GCC_WARN_UNDECLARED_SELECTOR = YES;
				GCC_WARN_UNINITIALIZED_AUTOS = YES_AGGRESSIVE;
				GCC_WARN_UNUSED_FUNCTION = YES;
				GCC_WARN_UNUSED_VARIABLE = YES;
				IPHONEOS_DEPLOYMENT_TARGET = 13.2;
				MTL_ENABLE_DEBUG_INFO = INCLUDE_SOURCE;
				MTL_FAST_MATH = YES;
				ONLY_ACTIVE_ARCH = YES;
				SDKROOT = iphoneos;
				SWIFT_ACTIVE_COMPILATION_CONDITIONS = DEBUG;
				SWIFT_OPTIMIZATION_LEVEL = "-Onone";
			};
			name = Debug;
		};
		B2D9A65225052BD3000FDDF9 /* Release */ = {
			isa = XCBuildConfiguration;
			buildSettings = {
				ALWAYS_SEARCH_USER_PATHS = NO;
				CLANG_ANALYZER_NONNULL = YES;
				CLANG_ANALYZER_NUMBER_OBJECT_CONVERSION = YES_AGGRESSIVE;
				CLANG_CXX_LANGUAGE_STANDARD = "gnu++14";
				CLANG_CXX_LIBRARY = "libc++";
				CLANG_ENABLE_MODULES = YES;
				CLANG_ENABLE_OBJC_ARC = YES;
				CLANG_ENABLE_OBJC_WEAK = YES;
				CLANG_WARN_BLOCK_CAPTURE_AUTORELEASING = YES;
				CLANG_WARN_BOOL_CONVERSION = YES;
				CLANG_WARN_COMMA = YES;
				CLANG_WARN_CONSTANT_CONVERSION = YES;
				CLANG_WARN_DEPRECATED_OBJC_IMPLEMENTATIONS = YES;
				CLANG_WARN_DIRECT_OBJC_ISA_USAGE = YES_ERROR;
				CLANG_WARN_DOCUMENTATION_COMMENTS = YES;
				CLANG_WARN_EMPTY_BODY = YES;
				CLANG_WARN_ENUM_CONVERSION = YES;
				CLANG_WARN_INFINITE_RECURSION = YES;
				CLANG_WARN_INT_CONVERSION = YES;
				CLANG_WARN_NON_LITERAL_NULL_CONVERSION = YES;
				CLANG_WARN_OBJC_IMPLICIT_RETAIN_SELF = YES;
				CLANG_WARN_OBJC_LITERAL_CONVERSION = YES;
				CLANG_WARN_OBJC_ROOT_CLASS = YES_ERROR;
				CLANG_WARN_RANGE_LOOP_ANALYSIS = YES;
				CLANG_WARN_STRICT_PROTOTYPES = YES;
				CLANG_WARN_SUSPICIOUS_MOVE = YES;
				CLANG_WARN_UNGUARDED_AVAILABILITY = YES_AGGRESSIVE;
				CLANG_WARN_UNREACHABLE_CODE = YES;
				CLANG_WARN__DUPLICATE_METHOD_MATCH = YES;
				COPY_PHASE_STRIP = NO;
				DEBUG_INFORMATION_FORMAT = "dwarf-with-dsym";
				ENABLE_NS_ASSERTIONS = NO;
				ENABLE_STRICT_OBJC_MSGSEND = YES;
				GCC_C_LANGUAGE_STANDARD = gnu11;
				GCC_NO_COMMON_BLOCKS = YES;
				GCC_WARN_64_TO_32_BIT_CONVERSION = YES;
				GCC_WARN_ABOUT_RETURN_TYPE = YES_ERROR;
				GCC_WARN_UNDECLARED_SELECTOR = YES;
				GCC_WARN_UNINITIALIZED_AUTOS = YES_AGGRESSIVE;
				GCC_WARN_UNUSED_FUNCTION = YES;
				GCC_WARN_UNUSED_VARIABLE = YES;
				IPHONEOS_DEPLOYMENT_TARGET = 13.2;
				MTL_ENABLE_DEBUG_INFO = NO;
				MTL_FAST_MATH = YES;
				SDKROOT = iphoneos;
				SWIFT_COMPILATION_MODE = wholemodule;
				SWIFT_OPTIMIZATION_LEVEL = "-O";
				VALIDATE_PRODUCT = YES;
			};
			name = Release;
		};
		B2D9A65425052BD3000FDDF9 /* Debug */ = {
			isa = XCBuildConfiguration;
			buildSettings = {
				ASSETCATALOG_COMPILER_APPICON_NAME = AppIcon;
				CODE_SIGN_STYLE = Automatic;
				INFOPLIST_FILE = LightsOnOff/Info.plist;
				LD_RUNPATH_SEARCH_PATHS = (
					"$(inherited)",
					"@executable_path/Frameworks",
				);
				PRODUCT_BUNDLE_IDENTIFIER = com.urmilcodes.LightsOnOff;
				PRODUCT_NAME = "$(TARGET_NAME)";
				SWIFT_VERSION = 5.0;
				TARGETED_DEVICE_FAMILY = "1,2";
			};
			name = Debug;
		};
		B2D9A65525052BD3000FDDF9 /* Release */ = {
			isa = XCBuildConfiguration;
			buildSettings = {
				ASSETCATALOG_COMPILER_APPICON_NAME = AppIcon;
				CODE_SIGN_STYLE = Automatic;
				INFOPLIST_FILE = LightsOnOff/Info.plist;
				LD_RUNPATH_SEARCH_PATHS = (
					"$(inherited)",
					"@executable_path/Frameworks",
				);
				PRODUCT_BUNDLE_IDENTIFIER = com.urmilcodes.LightsOnOff;
				PRODUCT_NAME = "$(TARGET_NAME)";
				SWIFT_VERSION = 5.0;
				TARGETED_DEVICE_FAMILY = "1,2";
			};
			name = Release;
		};
/* End XCBuildConfiguration section */

/* Begin XCConfigurationList section */
		B2D9A63A25052BD2000FDDF9 /* Build configuration list for PBXProject "LightsOnOff" */ = {
			isa = XCConfigurationList;
			buildConfigurations = (
				B2D9A65125052BD3000FDDF9 /* Debug */,
				B2D9A65225052BD3000FDDF9 /* Release */,
			);
			defaultConfigurationIsVisible = 0;
			defaultConfigurationName = Release;
		};
		B2D9A65325052BD3000FDDF9 /* Build configuration list for PBXNativeTarget "LightsOnOff" */ = {
			isa = XCConfigurationList;
			buildConfigurations = (
				B2D9A65425052BD3000FDDF9 /* Debug */,
				B2D9A65525052BD3000FDDF9 /* Release */,
			);
			defaultConfigurationIsVisible = 0;
			defaultConfigurationName = Release;
		};
/* End XCConfigurationList section */
	};
	rootObject = B2D9A63725052BD2000FDDF9 /* Project object */;
}
